
Microsoft Visual Studio Solution File, Format Version 12.00
# Visual Studio Version 16
VisualStudioVersion = 16.0.30309.148
MinimumVisualStudioVersion = 10.0.40219.1
Project("{9A19103F-16F7-4668-BE54-9A1E7A4F7556}") = "Entities", "Entities\Entities.csproj", "{D801EEB8-B893-48FB-9957-67FE7C1982E2}"
EndProject
Project("{9A19103F-16F7-4668-BE54-9A1E7A4F7556}") = "DataAccess", "DataAccess\DataAccess.csproj", "{BA15B3F3-38EA-43CE-A2AA-B9147DCD3E8D}"
EndProject
Project("{9A19103F-16F7-4668-BE54-9A1E7A4F7556}") = "Business", "Business\Business.csproj", "{B8EAB79F-4CB9-417C-ADCB-3D1693CB0D34}"
EndProject
Project("{9A19103F-16F7-4668-BE54-9A1E7A4F7556}") = "ConsoleUI", "ConsoleUI\ConsoleUI.csproj", "{48066298-2E08-4DA0-BBCE-00674DA110A1}"
EndProject
Project("{FAE04EC0-301F-11D3-BF4B-00C04F79EFBC}") = "Core", "Core\Core.csproj", "{270CCEEC-5B7C-4F4C-8748-C668B308CA51}"
EndProject
Global
	GlobalSection(SolutionConfigurationPlatforms) = preSolution
		Debug|Any CPU = Debug|Any CPU
		Release|Any CPU = Release|Any CPU
	EndGlobalSection
	GlobalSection(ProjectConfigurationPlatforms) = postSolution
		{D801EEB8-B893-48FB-9957-67FE7C1982E2}.Debug|Any CPU.ActiveCfg = Debug|Any CPU
		{D801EEB8-B893-48FB-9957-67FE7C1982E2}.Debug|Any CPU.Build.0 = Debug|Any CPU
		{D801EEB8-B893-48FB-9957-67FE7C1982E2}.Release|Any CPU.ActiveCfg = Release|Any CPU
		{D801EEB8-B893-48FB-9957-67FE7C1982E2}.Release|Any CPU.Build.0 = Release|Any CPU
		{BA15B3F3-38EA-43CE-A2AA-B9147DCD3E8D}.Debug|Any CPU.ActiveCfg = Debug|Any CPU
		{BA15B3F3-38EA-43CE-A2AA-B9147DCD3E8D}.Debug|Any CPU.Build.0 = Debug|Any CPU
		{BA15B3F3-38EA-43CE-A2AA-B9147DCD3E8D}.Release|Any CPU.ActiveCfg = Release|Any CPU
		{BA15B3F3-38EA-43CE-A2AA-B9147DCD3E8D}.Release|Any CPU.Build.0 = Release|Any CPU
		{B8EAB79F-4CB9-417C-ADCB-3D1693CB0D34}.Debug|Any CPU.ActiveCfg = Debug|Any CPU
		{B8EAB79F-4CB9-417C-ADCB-3D1693CB0D34}.Debug|Any CPU.Build.0 = Debug|Any CPU
		{B8EAB79F-4CB9-417C-ADCB-3D1693CB0D34}.Release|Any CPU.ActiveCfg = Release|Any CPU
		{B8EAB79F-4CB9-417C-ADCB-3D1693CB0D34}.Release|Any CPU.Build.0 = Release|Any CPU
		{48066298-2E08-4DA0-BBCE-00674DA110A1}.Debug|Any CPU.ActiveCfg = Debug|Any CPU
		{48066298-2E08-4DA0-BBCE-00674DA110A1}.Debug|Any CPU.Build.0 = Debug|Any CPU
		{48066298-2E08-4DA0-BBCE-00674DA110A1}.Release|Any CPU.ActiveCfg = Release|Any CPU
		{48066298-2E08-4DA0-BBCE-00674DA110A1}.Release|Any CPU.Build.0 = Release|Any CPU
		{270CCEEC-5B7C-4F4C-8748-C668B308CA51}.Debug|Any CPU.ActiveCfg = Debug|Any CPU
		{270CCEEC-5B7C-4F4C-8748-C668B308CA51}.Debug|Any CPU.Build.0 = Debug|Any CPU
		{270CCEEC-5B7C-4F4C-8748-C668B308CA51}.Release|Any CPU.ActiveCfg = Release|Any CPU
		{270CCEEC-5B7C-4F4C-8748-C668B308CA51}.Release|Any CPU.Build.0 = Release|Any CPU
	EndGlobalSection
	GlobalSection(SolutionProperties) = preSolution
		HideSolutionNode = FALSE
	EndGlobalSection
	GlobalSection(ExtensibilityGlobals) = postSolution
		SolutionGuid = {FBF6C382-895C-4FD8-9491-5D5D9F4BECA4}
	EndGlobalSection
EndGlobal
